
Microsoft Visual Studio Solution File, Format Version 12.00
# Visual Studio 15
VisualStudioVersion = 15.0.28307.902
MinimumVisualStudioVersion = 10.0.40219.1
Project("{FAE04EC0-301F-11D3-BF4B-00C04F79EFBC}") = "helloWorld_Console_cs", "helloWorld_Console_cs\helloWorld_Console_cs.csproj", "{88679D69-1E00-4E82-8D12-71D29AAB8430}"
EndProject
Global
	GlobalSection(SolutionConfigurationPlatforms) = preSolution
		Debug|Any CPU = Debug|Any CPU
		Release|Any CPU = Release|Any CPU
	EndGlobalSection
	GlobalSection(ProjectConfigurationPlatforms) = postSolution
		{88679D69-1E00-4E82-8D12-71D29AAB8430}.Debug|Any CPU.ActiveCfg = Debug|Any CPU
		{88679D69-1E00-4E82-8D12-71D29AAB8430}.Debug|Any CPU.Build.0 = Debug|Any CPU
		{88679D69-1E00-4E82-8D12-71D29AAB8430}.Release|Any CPU.ActiveCfg = Release|Any CPU
		{88679D69-1E00-4E82-8D12-71D29AAB8430}.Release|Any CPU.Build.0 = Release|Any CPU
	EndGlobalSection
	GlobalSection(SolutionProperties) = preSolution
		HideSolutionNode = FALSE
	EndGlobalSection
	GlobalSection(ExtensibilityGlobals) = postSolution
		SolutionGuid = {480587CA-985E-4FC8-80C2-553BB783EE61}
	EndGlobalSection
EndGlobal
